load_data:
  cmd: python src/stage_01_load_save.py --config=config/config.yaml
  deps:
  - path: config/config.yaml
    md5: eacde88df620e02b8dbe707b743965e9
    size: 274
  - path: src/stage_01_load_save.py
    md5: a7ca2dad4acd8807cc290f9e5b9701a2
    size: 977
  - path: src/utils/all_utils.py
    md5: c11b4c04f60f4ace5dbda37013232591
    size: 300
  outs:
  - path: artifacts/raw_local_dir/data.csv
    md5: 6a883fd98624e18c0b7ce251f4fab4fb
    size: 102551
